
Microsoft Visual Studio Solution File, Format Version 12.00
# Visual Studio Version 17
VisualStudioVersion = 17.14.36908.2
MinimumVisualStudioVersion = 10.0.40219.1
Project("{FAE04EC0-301F-11D3-BF4B-00C04F79EFBC}") = "OTA_Test_1", "OTA_Test_1\OTA_Test_1.csproj", "{CEFECD3D-5771-4D52-AAD3-43347E768A7C}"
EndProject
Global
	GlobalSection(SolutionConfigurationPlatforms) = preSolution
		Debug|Any CPU = Debug|Any CPU
		Release|Any CPU = Release|Any CPU
	EndGlobalSection
	GlobalSection(ProjectConfigurationPlatforms) = postSolution
		{CEFECD3D-5771-4D52-AAD3-43347E768A7C}.Debug|Any CPU.ActiveCfg = Debug|Any CPU
		{CEFECD3D-5771-4D52-AAD3-43347E768A7C}.Debug|Any CPU.Build.0 = Debug|Any CPU
		{CEFECD3D-5771-4D52-AAD3-43347E768A7C}.Release|Any CPU.ActiveCfg = Release|Any CPU
		{CEFECD3D-5771-4D52-AAD3-43347E768A7C}.Release|Any CPU.Build.0 = Release|Any CPU
	EndGlobalSection
	GlobalSection(SolutionProperties) = preSolution
		HideSolutionNode = FALSE
	EndGlobalSection
	GlobalSection(ExtensibilityGlobals) = postSolution
		SolutionGuid = {C385E76F-FF12-4871-98D6-DFFE9376CE4A}
	EndGlobalSection
EndGlobal
